
Microsoft Visual Studio Solution File, Format Version 12.00
# Visual Studio Version 16
VisualStudioVersion = 16.0.31702.278
MinimumVisualStudioVersion = 10.0.40219.1
Project("{FAE04EC0-301F-11D3-BF4B-00C04F79EFBC}") = "Sabou_Sergiu_Lab10.Android", "Sabou_Sergiu_Lab10.Android\Sabou_Sergiu_Lab10.Android.csproj", "{D7180810-85E9-4337-B3FB-A67E102A885C}"
EndProject
Project("{FAE04EC0-301F-11D3-BF4B-00C04F79EFBC}") = "Sabou_Sergiu_Lab10.iOS", "Sabou_Sergiu_Lab10.iOS\Sabou_Sergiu_Lab10.iOS.csproj", "{9758FF74-A8FF-416E-9D99-AC3D7BB469AA}"
EndProject
Project("{FAE04EC0-301F-11D3-BF4B-00C04F79EFBC}") = "Sabou_Sergiu_Lab10", "Sabou_Sergiu_Lab10\Sabou_Sergiu_Lab10.csproj", "{B3E7C6B3-A054-4D5A-82D2-F809DEE662E3}"
EndProject
Global
	GlobalSection(SolutionConfigurationPlatforms) = preSolution
		Debug|Any CPU = Debug|Any CPU
		Debug|iPhone = Debug|iPhone
		Debug|iPhoneSimulator = Debug|iPhoneSimulator
		Release|Any CPU = Release|Any CPU
		Release|iPhone = Release|iPhone
		Release|iPhoneSimulator = Release|iPhoneSimulator
	EndGlobalSection
	GlobalSection(ProjectConfigurationPlatforms) = postSolution
		{D7180810-85E9-4337-B3FB-A67E102A885C}.Debug|Any CPU.ActiveCfg = Debug|Any CPU
		{D7180810-85E9-4337-B3FB-A67E102A885C}.Debug|Any CPU.Build.0 = Debug|Any CPU
		{D7180810-85E9-4337-B3FB-A67E102A885C}.Debug|Any CPU.Deploy.0 = Debug|Any CPU
		{D7180810-85E9-4337-B3FB-A67E102A885C}.Debug|iPhone.ActiveCfg = Debug|Any CPU
		{D7180810-85E9-4337-B3FB-A67E102A885C}.Debug|iPhone.Build.0 = Debug|Any CPU
		{D7180810-85E9-4337-B3FB-A67E102A885C}.Debug|iPhone.Deploy.0 = Debug|Any CPU
		{D7180810-85E9-4337-B3FB-A67E102A885C}.Debug|iPhoneSimulator.ActiveCfg = Debug|Any CPU
		{D7180810-85E9-4337-B3FB-A67E102A885C}.Debug|iPhoneSimulator.Build.0 = Debug|Any CPU
		{D7180810-85E9-4337-B3FB-A67E102A885C}.Debug|iPhoneSimulator.Deploy.0 = Debug|Any CPU
		{D7180810-85E9-4337-B3FB-A67E102A885C}.Release|Any CPU.ActiveCfg = Release|Any CPU
		{D7180810-85E9-4337-B3FB-A67E102A885C}.Release|Any CPU.Build.0 = Release|Any CPU
		{D7180810-85E9-4337-B3FB-A67E102A885C}.Release|Any CPU.Deploy.0 = Release|Any CPU
		{D7180810-85E9-4337-B3FB-A67E102A885C}.Release|iPhone.ActiveCfg = Release|Any CPU
		{D7180810-85E9-4337-B3FB-A67E102A885C}.Release|iPhone.Build.0 = Release|Any CPU
		{D7180810-85E9-4337-B3FB-A67E102A885C}.Release|iPhone.Deploy.0 = Release|Any CPU
		{D7180810-85E9-4337-B3FB-A67E102A885C}.Release|iPhoneSimulator.ActiveCfg = Release|Any CPU
		{D7180810-85E9-4337-B3FB-A67E102A885C}.Release|iPhoneSimulator.Build.0 = Release|Any CPU
		{D7180810-85E9-4337-B3FB-A67E102A885C}.Release|iPhoneSimulator.Deploy.0 = Release|Any CPU
		{9758FF74-A8FF-416E-9D99-AC3D7BB469AA}.Debug|Any CPU.ActiveCfg = Debug|iPhone
		{9758FF74-A8FF-416E-9D99-AC3D7BB469AA}.Debug|Any CPU.Build.0 = Debug|iPhone
		{9758FF74-A8FF-416E-9D99-AC3D7BB469AA}.Debug|Any CPU.Deploy.0 = Debug|iPhone
		{9758FF74-A8FF-416E-9D99-AC3D7BB469AA}.Debug|iPhone.ActiveCfg = Debug|iPhone
		{9758FF74-A8FF-416E-9D99-AC3D7BB469AA}.Debug|iPhone.Build.0 = Debug|iPhone
		{9758FF74-A8FF-416E-9D99-AC3D7BB469AA}.Debug|iPhone.Deploy.0 = Debug|iPhone
		{9758FF74-A8FF-416E-9D99-AC3D7BB469AA}.Debug|iPhoneSimulator.ActiveCfg = Debug|iPhoneSimulator
		{9758FF74-A8FF-416E-9D99-AC3D7BB469AA}.Debug|iPhoneSimulator.Build.0 = Debug|iPhoneSimulator
		{9758FF74-A8FF-416E-9D99-AC3D7BB469AA}.Debug|iPhoneSimulator.Deploy.0 = Debug|iPhoneSimulator
		{9758FF74-A8FF-416E-9D99-AC3D7BB469AA}.Release|Any CPU.ActiveCfg = Release|iPhoneSimulator
		{9758FF74-A8FF-416E-9D99-AC3D7BB469AA}.Release|Any CPU.Build.0 = Release|iPhoneSimulator
		{9758FF74-A8FF-416E-9D99-AC3D7BB469AA}.Release|Any CPU.Deploy.0 = Release|iPhoneSimulator
		{9758FF74-A8FF-416E-9D99-AC3D7BB469AA}.Release|iPhone.ActiveCfg = Release|iPhone
		{9758FF74-A8FF-416E-9D99-AC3D7BB469AA}.Release|iPhone.Build.0 = Release|iPhone
		{9758FF74-A8FF-416E-9D99-AC3D7BB469AA}.Release|iPhone.Deploy.0 = Release|iPhone
		{9758FF74-A8FF-416E-9D99-AC3D7BB469AA}.Release|iPhoneSimulator.ActiveCfg = Release|iPhoneSimulator
		{9758FF74-A8FF-416E-9D99-AC3D7BB469AA}.Release|iPhoneSimulator.Build.0 = Release|iPhoneSimulator
		{9758FF74-A8FF-416E-9D99-AC3D7BB469AA}.Release|iPhoneSimulator.Deploy.0 = Release|iPhoneSimulator
		{B3E7C6B3-A054-4D5A-82D2-F809DEE662E3}.Debug|Any CPU.ActiveCfg = Debug|Any CPU
		{B3E7C6B3-A054-4D5A-82D2-F809DEE662E3}.Debug|Any CPU.Build.0 = Debug|Any CPU
		{B3E7C6B3-A054-4D5A-82D2-F809DEE662E3}.Debug|Any CPU.Deploy.0 = Debug|Any CPU
		{B3E7C6B3-A054-4D5A-82D2-F809DEE662E3}.Debug|iPhone.ActiveCfg = Debug|Any CPU
		{B3E7C6B3-A054-4D5A-82D2-F809DEE662E3}.Debug|iPhone.Build.0 = Debug|Any CPU
		{B3E7C6B3-A054-4D5A-82D2-F809DEE662E3}.Debug|iPhone.Deploy.0 = Debug|Any CPU
		{B3E7C6B3-A054-4D5A-82D2-F809DEE662E3}.Debug|iPhoneSimulator.ActiveCfg = Debug|Any CPU
		{B3E7C6B3-A054-4D5A-82D2-F809DEE662E3}.Debug|iPhoneSimulator.Build.0 = Debug|Any CPU
		{B3E7C6B3-A054-4D5A-82D2-F809DEE662E3}.Debug|iPhoneSimulator.Deploy.0 = Debug|Any CPU
		{B3E7C6B3-A054-4D5A-82D2-F809DEE662E3}.Release|Any CPU.ActiveCfg = Release|Any CPU
		{B3E7C6B3-A054-4D5A-82D2-F809DEE662E3}.Release|Any CPU.Build.0 = Release|Any CPU
		{B3E7C6B3-A054-4D5A-82D2-F809DEE662E3}.Release|Any CPU.Deploy.0 = Release|Any CPU
		{B3E7C6B3-A054-4D5A-82D2-F809DEE662E3}.Release|iPhone.ActiveCfg = Release|Any CPU
		{B3E7C6B3-A054-4D5A-82D2-F809DEE662E3}.Release|iPhone.Build.0 = Release|Any CPU
		{B3E7C6B3-A054-4D5A-82D2-F809DEE662E3}.Release|iPhone.Deploy.0 = Release|Any CPU
		{B3E7C6B3-A054-4D5A-82D2-F809DEE662E3}.Release|iPhoneSimulator.ActiveCfg = Release|Any CPU
		{B3E7C6B3-A054-4D5A-82D2-F809DEE662E3}.Release|iPhoneSimulator.Build.0 = Release|Any CPU
		{B3E7C6B3-A054-4D5A-82D2-F809DEE662E3}.Release|iPhoneSimulator.Deploy.0 = Release|Any CPU
	EndGlobalSection
	GlobalSection(SolutionProperties) = preSolution
		HideSolutionNode = FALSE
	EndGlobalSection
	GlobalSection(ExtensibilityGlobals) = postSolution
		SolutionGuid = {107081D3-C200-4D60-A4B2-6D6E240AE8E3}
	EndGlobalSection
EndGlobal
